
Microsoft Visual Studio Solution File, Format Version 12.00
# Visual Studio Version 17
VisualStudioVersion = 17.14.36121.58 d17.14
MinimumVisualStudioVersion = 10.0.40219.1
Project("{FAE04EC0-301F-11D3-BF4B-00C04F79EFBC}") = "XIROX", "XIROX\XIROX.csproj", "{39534FCB-78AF-4245-BC0E-52FCD127E3C0}"
EndProject
Global
	GlobalSection(SolutionConfigurationPlatforms) = preSolution
		Debug|Any CPU = Debug|Any CPU
		Release|Any CPU = Release|Any CPU
	EndGlobalSection
	GlobalSection(ProjectConfigurationPlatforms) = postSolution
		{39534FCB-78AF-4245-BC0E-52FCD127E3C0}.Debug|Any CPU.ActiveCfg = Debug|Any CPU
		{39534FCB-78AF-4245-BC0E-52FCD127E3C0}.Debug|Any CPU.Build.0 = Debug|Any CPU
		{39534FCB-78AF-4245-BC0E-52FCD127E3C0}.Release|Any CPU.ActiveCfg = Release|Any CPU
		{39534FCB-78AF-4245-BC0E-52FCD127E3C0}.Release|Any CPU.Build.0 = Release|Any CPU
	EndGlobalSection
	GlobalSection(SolutionProperties) = preSolution
		HideSolutionNode = FALSE
	EndGlobalSection
	GlobalSection(ExtensibilityGlobals) = postSolution
		SolutionGuid = {A48F969B-0684-47B9-8C93-473C959C83F6}
	EndGlobalSection
EndGlobal
